
Microsoft Visual Studio Solution File, Format Version 12.00
# Visual Studio Version 17
VisualStudioVersion = 17.9.34728.123
MinimumVisualStudioVersion = 10.0.40219.1
Project("{FAE04EC0-301F-11D3-BF4B-00C04F79EFBC}") = "testC#-API", "testC#-API.csproj", "{D73E266D-338D-4208-A615-916D9F769F7A}"
EndProject
Global
	GlobalSection(SolutionConfigurationPlatforms) = preSolution
		Debug|Any CPU = Debug|Any CPU
		Release|Any CPU = Release|Any CPU
	EndGlobalSection
	GlobalSection(ProjectConfigurationPlatforms) = postSolution
		{D73E266D-338D-4208-A615-916D9F769F7A}.Debug|Any CPU.ActiveCfg = Debug|Any CPU
		{D73E266D-338D-4208-A615-916D9F769F7A}.Debug|Any CPU.Build.0 = Debug|Any CPU
		{D73E266D-338D-4208-A615-916D9F769F7A}.Release|Any CPU.ActiveCfg = Release|Any CPU
		{D73E266D-338D-4208-A615-916D9F769F7A}.Release|Any CPU.Build.0 = Release|Any CPU
	EndGlobalSection
	GlobalSection(SolutionProperties) = preSolution
		HideSolutionNode = FALSE
	EndGlobalSection
	GlobalSection(ExtensibilityGlobals) = postSolution
		SolutionGuid = {BE927F39-8E7E-4083-9044-9C0F4781A63D}
	EndGlobalSection
EndGlobal
